
Microsoft Visual Studio Solution File, Format Version 12.00
# Visual Studio 15
VisualStudioVersion = 15.0.28306.52
MinimumVisualStudioVersion = 10.0.40219.1
Project("{FAE04EC0-301F-11D3-BF4B-00C04F79EFBC}") = "zadaniaRoznev2", "zadaniaRoznev2\zadaniaRoznev2.csproj", "{9C1B39FF-2F1E-4903-BA39-53F79E3FC1B4}"
EndProject
Project("{FAE04EC0-301F-11D3-BF4B-00C04F79EFBC}") = "zadaniaRozneTesty", "zadaniaRozneTesty\zadaniaRozneTesty.csproj", "{AEF97598-6C11-4F08-A1DC-359FB9DE55C6}"
EndProject
Global
	GlobalSection(SolutionConfigurationPlatforms) = preSolution
		Debug|Any CPU = Debug|Any CPU
		Release|Any CPU = Release|Any CPU
	EndGlobalSection
	GlobalSection(ProjectConfigurationPlatforms) = postSolution
		{9C1B39FF-2F1E-4903-BA39-53F79E3FC1B4}.Debug|Any CPU.ActiveCfg = Debug|Any CPU
		{9C1B39FF-2F1E-4903-BA39-53F79E3FC1B4}.Debug|Any CPU.Build.0 = Debug|Any CPU
		{9C1B39FF-2F1E-4903-BA39-53F79E3FC1B4}.Release|Any CPU.ActiveCfg = Release|Any CPU
		{9C1B39FF-2F1E-4903-BA39-53F79E3FC1B4}.Release|Any CPU.Build.0 = Release|Any CPU
		{AEF97598-6C11-4F08-A1DC-359FB9DE55C6}.Debug|Any CPU.ActiveCfg = Debug|Any CPU
		{AEF97598-6C11-4F08-A1DC-359FB9DE55C6}.Debug|Any CPU.Build.0 = Debug|Any CPU
		{AEF97598-6C11-4F08-A1DC-359FB9DE55C6}.Release|Any CPU.ActiveCfg = Release|Any CPU
		{AEF97598-6C11-4F08-A1DC-359FB9DE55C6}.Release|Any CPU.Build.0 = Release|Any CPU
	EndGlobalSection
	GlobalSection(SolutionProperties) = preSolution
		HideSolutionNode = FALSE
	EndGlobalSection
	GlobalSection(ExtensibilityGlobals) = postSolution
		SolutionGuid = {94D68CEF-54BD-4776-8F41-BEBA723B6B1E}
	EndGlobalSection
EndGlobal
